
Microsoft Visual Studio Solution File, Format Version 12.00
# Visual Studio Version 16
VisualStudioVersion = 16.0.30523.141
MinimumVisualStudioVersion = 10.0.40219.1
Project("{FAE04EC0-301F-11D3-BF4B-00C04F79EFBC}") = "Week3ClubDomain2122.Classes", "Week3ClubDomain2122.Classes.csproj", "{755CC654-AFD1-4397-AC80-EA7A02C95257}"
EndProject
Project("{FAE04EC0-301F-11D3-BF4B-00C04F79EFBC}") = "Week3MVCClub2122", "..\Week3MVCClub2122\Week3MVCClub2122.csproj", "{C5D4A132-D877-4882-8AD4-F46BCE222A47}"
EndProject
Global
	GlobalSection(SolutionConfigurationPlatforms) = preSolution
		Debug|Any CPU = Debug|Any CPU
		Release|Any CPU = Release|Any CPU
	EndGlobalSection
	GlobalSection(ProjectConfigurationPlatforms) = postSolution
		{755CC654-AFD1-4397-AC80-EA7A02C95257}.Debug|Any CPU.ActiveCfg = Debug|Any CPU
		{755CC654-AFD1-4397-AC80-EA7A02C95257}.Debug|Any CPU.Build.0 = Debug|Any CPU
		{755CC654-AFD1-4397-AC80-EA7A02C95257}.Release|Any CPU.ActiveCfg = Release|Any CPU
		{755CC654-AFD1-4397-AC80-EA7A02C95257}.Release|Any CPU.Build.0 = Release|Any CPU
		{C5D4A132-D877-4882-8AD4-F46BCE222A47}.Debug|Any CPU.ActiveCfg = Debug|Any CPU
		{C5D4A132-D877-4882-8AD4-F46BCE222A47}.Debug|Any CPU.Build.0 = Debug|Any CPU
		{C5D4A132-D877-4882-8AD4-F46BCE222A47}.Release|Any CPU.ActiveCfg = Release|Any CPU
		{C5D4A132-D877-4882-8AD4-F46BCE222A47}.Release|Any CPU.Build.0 = Release|Any CPU
	EndGlobalSection
	GlobalSection(SolutionProperties) = preSolution
		HideSolutionNode = FALSE
	EndGlobalSection
	GlobalSection(ExtensibilityGlobals) = postSolution
		SolutionGuid = {E0AD3C8E-D722-4F7E-A470-C937AD441ACA}
	EndGlobalSection
EndGlobal
